
Microsoft Visual Studio Solution File, Format Version 12.00
# Visual Studio Version 16
VisualStudioVersion = 16.0.30523.141
MinimumVisualStudioVersion = 10.0.40219.1
Project("{FAE04EC0-301F-11D3-BF4B-00C04F79EFBC}") = "WA1", "WA1\WA1.csproj", "{EFEA91F5-E8D2-48AD-834E-2AE85B338C3D}"
EndProject
Project("{FAE04EC0-301F-11D3-BF4B-00C04F79EFBC}") = "WA1.1", "WA1.1\WA1.1.csproj", "{3986BEB4-FF27-4910-896B-6061F2C71F58}"
EndProject
Global
	GlobalSection(SolutionConfigurationPlatforms) = preSolution
		Debug|Any CPU = Debug|Any CPU
		Release|Any CPU = Release|Any CPU
	EndGlobalSection
	GlobalSection(ProjectConfigurationPlatforms) = postSolution
		{EFEA91F5-E8D2-48AD-834E-2AE85B338C3D}.Debug|Any CPU.ActiveCfg = Debug|Any CPU
		{EFEA91F5-E8D2-48AD-834E-2AE85B338C3D}.Debug|Any CPU.Build.0 = Debug|Any CPU
		{EFEA91F5-E8D2-48AD-834E-2AE85B338C3D}.Release|Any CPU.ActiveCfg = Release|Any CPU
		{EFEA91F5-E8D2-48AD-834E-2AE85B338C3D}.Release|Any CPU.Build.0 = Release|Any CPU
		{3986BEB4-FF27-4910-896B-6061F2C71F58}.Debug|Any CPU.ActiveCfg = Debug|Any CPU
		{3986BEB4-FF27-4910-896B-6061F2C71F58}.Debug|Any CPU.Build.0 = Debug|Any CPU
		{3986BEB4-FF27-4910-896B-6061F2C71F58}.Release|Any CPU.ActiveCfg = Release|Any CPU
		{3986BEB4-FF27-4910-896B-6061F2C71F58}.Release|Any CPU.Build.0 = Release|Any CPU
	EndGlobalSection
	GlobalSection(SolutionProperties) = preSolution
		HideSolutionNode = FALSE
	EndGlobalSection
	GlobalSection(ExtensibilityGlobals) = postSolution
		SolutionGuid = {95990C2E-8BA5-4FB1-8363-C45E47245FC8}
	EndGlobalSection
EndGlobal
