
Microsoft Visual Studio Solution File, Format Version 12.00
# Visual Studio Version 16
VisualStudioVersion = 16.0.30611.23
MinimumVisualStudioVersion = 10.0.40219.1
Project("{9A19103F-16F7-4668-BE54-9A1E7A4F7556}") = "Northwind.Store.UI.Shell", "Northwind.Store.UI.Shell\Northwind.Store.UI.Shell.csproj", "{7CCCF921-A5B3-41D2-850D-67924DFA8EC7}"
EndProject
Project("{9A19103F-16F7-4668-BE54-9A1E7A4F7556}") = "Northwind.Store.Model", "Northwind.Store.Model\Northwind.Store.Model.csproj", "{686F8B22-9CB7-46D5-A7DC-AA371C180214}"
EndProject
Project("{9A19103F-16F7-4668-BE54-9A1E7A4F7556}") = "Northwind.Store.Data", "Northwind.Store.Data\Northwind.Store.Data.csproj", "{CADFE2DD-778A-4644-BCC8-93CDA8811A2D}"
EndProject
Project("{9A19103F-16F7-4668-BE54-9A1E7A4F7556}") = "Northwind.Store.UI.Intranet", "Northwind.Store.UI.Intranet\Northwind.Store.UI.Intranet.csproj", "{5EDE841A-10E0-4E92-A025-561533E8245F}"
EndProject
Project("{9A19103F-16F7-4668-BE54-9A1E7A4F7556}") = "Northwind.Store.Notification", "Northwind.Store.Notification\Northwind.Store.Notification.csproj", "{6954FF94-191E-4CEB-94EA-F09DCDD4462E}"
EndProject
Project("{9A19103F-16F7-4668-BE54-9A1E7A4F7556}") = "Northwind.Store.Business", "Northwind.Store.Business\Northwind.Store.Business.csproj", "{C02A610C-8B7E-4BBF-83B6-BF2EBA7F09BF}"
EndProject
Global
	GlobalSection(SolutionConfigurationPlatforms) = preSolution
		Debug|Any CPU = Debug|Any CPU
		Release|Any CPU = Release|Any CPU
	EndGlobalSection
	GlobalSection(ProjectConfigurationPlatforms) = postSolution
		{7CCCF921-A5B3-41D2-850D-67924DFA8EC7}.Debug|Any CPU.ActiveCfg = Debug|Any CPU
		{7CCCF921-A5B3-41D2-850D-67924DFA8EC7}.Debug|Any CPU.Build.0 = Debug|Any CPU
		{7CCCF921-A5B3-41D2-850D-67924DFA8EC7}.Release|Any CPU.ActiveCfg = Release|Any CPU
		{7CCCF921-A5B3-41D2-850D-67924DFA8EC7}.Release|Any CPU.Build.0 = Release|Any CPU
		{686F8B22-9CB7-46D5-A7DC-AA371C180214}.Debug|Any CPU.ActiveCfg = Debug|Any CPU
		{686F8B22-9CB7-46D5-A7DC-AA371C180214}.Debug|Any CPU.Build.0 = Debug|Any CPU
		{686F8B22-9CB7-46D5-A7DC-AA371C180214}.Release|Any CPU.ActiveCfg = Release|Any CPU
		{686F8B22-9CB7-46D5-A7DC-AA371C180214}.Release|Any CPU.Build.0 = Release|Any CPU
		{CADFE2DD-778A-4644-BCC8-93CDA8811A2D}.Debug|Any CPU.ActiveCfg = Debug|Any CPU
		{CADFE2DD-778A-4644-BCC8-93CDA8811A2D}.Debug|Any CPU.Build.0 = Debug|Any CPU
		{CADFE2DD-778A-4644-BCC8-93CDA8811A2D}.Release|Any CPU.ActiveCfg = Release|Any CPU
		{CADFE2DD-778A-4644-BCC8-93CDA8811A2D}.Release|Any CPU.Build.0 = Release|Any CPU
		{5EDE841A-10E0-4E92-A025-561533E8245F}.Debug|Any CPU.ActiveCfg = Debug|Any CPU
		{5EDE841A-10E0-4E92-A025-561533E8245F}.Debug|Any CPU.Build.0 = Debug|Any CPU
		{5EDE841A-10E0-4E92-A025-561533E8245F}.Release|Any CPU.ActiveCfg = Release|Any CPU
		{5EDE841A-10E0-4E92-A025-561533E8245F}.Release|Any CPU.Build.0 = Release|Any CPU
		{6954FF94-191E-4CEB-94EA-F09DCDD4462E}.Debug|Any CPU.ActiveCfg = Debug|Any CPU
		{6954FF94-191E-4CEB-94EA-F09DCDD4462E}.Debug|Any CPU.Build.0 = Debug|Any CPU
		{6954FF94-191E-4CEB-94EA-F09DCDD4462E}.Release|Any CPU.ActiveCfg = Release|Any CPU
		{6954FF94-191E-4CEB-94EA-F09DCDD4462E}.Release|Any CPU.Build.0 = Release|Any CPU
		{C02A610C-8B7E-4BBF-83B6-BF2EBA7F09BF}.Debug|Any CPU.ActiveCfg = Debug|Any CPU
		{C02A610C-8B7E-4BBF-83B6-BF2EBA7F09BF}.Debug|Any CPU.Build.0 = Debug|Any CPU
		{C02A610C-8B7E-4BBF-83B6-BF2EBA7F09BF}.Release|Any CPU.ActiveCfg = Release|Any CPU
		{C02A610C-8B7E-4BBF-83B6-BF2EBA7F09BF}.Release|Any CPU.Build.0 = Release|Any CPU
	EndGlobalSection
	GlobalSection(SolutionProperties) = preSolution
		HideSolutionNode = FALSE
	EndGlobalSection
	GlobalSection(ExtensibilityGlobals) = postSolution
		SolutionGuid = {0DEFB552-67BF-456D-ADA1-D7367CB84CAE}
	EndGlobalSection
EndGlobal
